
Microsoft Visual Studio Solution File, Format Version 12.00
# Visual Studio Version 17
VisualStudioVersion = 17.1.32407.343
MinimumVisualStudioVersion = 10.0.40219.1
Project("{677D2E1E-009D-42CC-B154-9970C70D13DA}") = "NoDisabledFactions", "Source\NoDisabledFactions.csproj", "{2F2B7448-3EA6-4979-938C-B30D91A94A4C}"
EndProject
Global
	GlobalSection(SolutionConfigurationPlatforms) = preSolution
		Debug|Any CPU = Debug|Any CPU
		Release|Any CPU = Release|Any CPU
	EndGlobalSection
	GlobalSection(ProjectConfigurationPlatforms) = postSolution
		{2F2B7448-3EA6-4979-938C-B30D91A94A4C}.Debug|Any CPU.ActiveCfg = Debug|Any CPU
		{2F2B7448-3EA6-4979-938C-B30D91A94A4C}.Debug|Any CPU.Build.0 = Debug|Any CPU
		{2F2B7448-3EA6-4979-938C-B30D91A94A4C}.Release|Any CPU.ActiveCfg = Release|Any CPU
		{2F2B7448-3EA6-4979-938C-B30D91A94A4C}.Release|Any CPU.Build.0 = Release|Any CPU
	EndGlobalSection
	GlobalSection(SolutionProperties) = preSolution
		HideSolutionNode = FALSE
	EndGlobalSection
	GlobalSection(ExtensibilityGlobals) = postSolution
		SolutionGuid = {133ABCD0-6560-4076-943E-43607B11EDF5}
	EndGlobalSection
EndGlobal
